// !$*UTF8*$!
{
	archiveVersion = 1;
	classes = {
	};
	objectVersion = 50;
	objects = {

/* Begin PBXBuildFile section */
		D113DD102364D01A0043918F /* OrderViewController.swift in Sources */ = {isa = PBXBuildFile; fileRef = D113DD0F2364D01A0043918F /* OrderViewController.swift */; };
		D113DD122364E7010043918F /* FoodCartCell.swift in Sources */ = {isa = PBXBuildFile; fileRef = D113DD112364E7010043918F /* FoodCartCell.swift */; };
		D17EA54923642681000F0562 /* AppDelegate.swift in Sources */ = {isa = PBXBuildFile; fileRef = D17EA54823642681000F0562 /* AppDelegate.swift */; };
		D17EA54B23642681000F0562 /* SceneDelegate.swift in Sources */ = {isa = PBXBuildFile; fileRef = D17EA54A23642681000F0562 /* SceneDelegate.swift */; };
		D17EA54D23642681000F0562 /* ViewController.swift in Sources */ = {isa = PBXBuildFile; fileRef = D17EA54C23642681000F0562 /* ViewController.swift */; };
		D17EA55023642681000F0562 /* Main.storyboard in Resources */ = {isa = PBXBuildFile; fileRef = D17EA54E23642681000F0562 /* Main.storyboard */; };
		D17EA55223642684000F0562 /* Assets.xcassets in Resources */ = {isa = PBXBuildFile; fileRef = D17EA55123642684000F0562 /* Assets.xcassets */; };
		D17EA55523642684000F0562 /* LaunchScreen.storyboard in Resources */ = {isa = PBXBuildFile; fileRef = D17EA55323642684000F0562 /* LaunchScreen.storyboard */; };
		D17EA55D2364329F000F0562 /* Restaurant.swift in Sources */ = {isa = PBXBuildFile; fileRef = D17EA55C2364329F000F0562 /* Restaurant.swift */; };
		D17EA55F23643383000F0562 /* FoodItem.swift in Sources */ = {isa = PBXBuildFile; fileRef = D17EA55E23643383000F0562 /* FoodItem.swift */; };
		D17EA56123643430000F0562 /* RestaurantCell.swift in Sources */ = {isa = PBXBuildFile; fileRef = D17EA56023643430000F0562 /* RestaurantCell.swift */; };
		D17EA5632364B794000F0562 /* RestaurantViewController.swift in Sources */ = {isa = PBXBuildFile; fileRef = D17EA5622364B794000F0562 /* RestaurantViewController.swift */; };
		D17EA5652364BCBB000F0562 /* FoodItemCell.swift in Sources */ = {isa = PBXBuildFile; fileRef = D17EA5642364BCBB000F0562 /* FoodItemCell.swift */; };
		D1D473CF2364F2BB0093763D /* File.swift in Sources */ = {isa = PBXBuildFile; fileRef = D1D473CE2364F2BB0093763D /* File.swift */; };
		D1D473D123655CD10093763D /* ExperienceCell.swift in Sources */ = {isa = PBXBuildFile; fileRef = D1D473D023655CD10093763D /* ExperienceCell.swift */; };
		D1D473D323655F770093763D /* Experience.swift in Sources */ = {isa = PBXBuildFile; fileRef = D1D473D223655F770093763D /* Experience.swift */; };
		FC6CB1825554EB8B79DFFE43 /* Pods_Dyne.framework in Frameworks */ = {isa = PBXBuildFile; fileRef = 3D744E4E1F3B8B522121DDFE /* Pods_Dyne.framework */; };
/* End PBXBuildFile section */

/* Begin PBXFileReference section */
		3D744E4E1F3B8B522121DDFE /* Pods_Dyne.framework */ = {isa = PBXFileReference; explicitFileType = wrapper.framework; includeInIndex = 0; path = Pods_Dyne.framework; sourceTree = BUILT_PRODUCTS_DIR; };
		77227EC6FB9937D0B3C681AA /* Pods-Dyne.debug.xcconfig */ = {isa = PBXFileReference; includeInIndex = 1; lastKnownFileType = text.xcconfig; name = "Pods-Dyne.debug.xcconfig"; path = "Pods/Target Support Files/Pods-Dyne/Pods-Dyne.debug.xcconfig"; sourceTree = "<group>"; };
		7731EA3C548CFF609C374CE8 /* Pods-Dyne.release.xcconfig */ = {isa = PBXFileReference; includeInIndex = 1; lastKnownFileType = text.xcconfig; name = "Pods-Dyne.release.xcconfig"; path = "Pods/Target Support Files/Pods-Dyne/Pods-Dyne.release.xcconfig"; sourceTree = "<group>"; };
		D113DD0F2364D01A0043918F /* OrderViewController.swift */ = {isa = PBXFileReference; lastKnownFileType = sourcecode.swift; path = OrderViewController.swift; sourceTree = "<group>"; };
		D113DD112364E7010043918F /* FoodCartCell.swift */ = {isa = PBXFileReference; lastKnownFileType = sourcecode.swift; path = FoodCartCell.swift; sourceTree = "<group>"; };
		D17EA54523642681000F0562 /* Dyne.app */ = {isa = PBXFileReference; explicitFileType = wrapper.application; includeInIndex = 0; path = Dyne.app; sourceTree = BUILT_PRODUCTS_DIR; };
		D17EA54823642681000F0562 /* AppDelegate.swift */ = {isa = PBXFileReference; lastKnownFileType = sourcecode.swift; path = AppDelegate.swift; sourceTree = "<group>"; };
		D17EA54A23642681000F0562 /* SceneDelegate.swift */ = {isa = PBXFileReference; lastKnownFileType = sourcecode.swift; path = SceneDelegate.swift; sourceTree = "<group>"; };
		D17EA54C23642681000F0562 /* ViewController.swift */ = {isa = PBXFileReference; lastKnownFileType = sourcecode.swift; path = ViewController.swift; sourceTree = "<group>"; };
		D17EA54F23642681000F0562 /* Base */ = {isa = PBXFileReference; lastKnownFileType = file.storyboard; name = Base; path = Base.lproj/Main.storyboard; sourceTree = "<group>"; };
		D17EA55123642684000F0562 /* Assets.xcassets */ = {isa = PBXFileReference; lastKnownFileType = folder.assetcatalog; path = Assets.xcassets; sourceTree = "<group>"; };
		D17EA55423642684000F0562 /* Base */ = {isa = PBXFileReference; lastKnownFileType = file.storyboard; name = Base; path = Base.lproj/LaunchScreen.storyboard; sourceTree = "<group>"; };
		D17EA55623642684000F0562 /* Info.plist */ = {isa = PBXFileReference; lastKnownFileType = text.plist.xml; path = Info.plist; sourceTree = "<group>"; };
		D17EA55C2364329F000F0562 /* Restaurant.swift */ = {isa = PBXFileReference; lastKnownFileType = sourcecode.swift; path = Restaurant.swift; sourceTree = "<group>"; };
		D17EA55E23643383000F0562 /* FoodItem.swift */ = {isa = PBXFileReference; lastKnownFileType = sourcecode.swift; path = FoodItem.swift; sourceTree = "<group>"; };
		D17EA56023643430000F0562 /* RestaurantCell.swift */ = {isa = PBXFileReference; lastKnownFileType = sourcecode.swift; path = RestaurantCell.swift; sourceTree = "<group>"; };
		D17EA5622364B794000F0562 /* RestaurantViewController.swift */ = {isa = PBXFileReference; lastKnownFileType = sourcecode.swift; path = RestaurantViewController.swift; sourceTree = "<group>"; };
		D17EA5642364BCBB000F0562 /* FoodItemCell.swift */ = {isa = PBXFileReference; lastKnownFileType = sourcecode.swift; path = FoodItemCell.swift; sourceTree = "<group>"; };
		D1D473CE2364F2BB0093763D /* File.swift */ = {isa = PBXFileReference; fileEncoding = 4; lastKnownFileType = sourcecode.swift; path = File.swift; sourceTree = "<group>"; };
		D1D473D023655CD10093763D /* ExperienceCell.swift */ = {isa = PBXFileReference; lastKnownFileType = sourcecode.swift; path = ExperienceCell.swift; sourceTree = "<group>"; };
		D1D473D223655F770093763D /* Experience.swift */ = {isa = PBXFileReference; lastKnownFileType = sourcecode.swift; path = Experience.swift; sourceTree = "<group>"; };
/* End PBXFileReference section */

/* Begin PBXFrameworksBuildPhase section */
		D17EA54223642681000F0562 /* Frameworks */ = {
			isa = PBXFrameworksBuildPhase;
			buildActionMask = 2147483647;
			files = (
				FC6CB1825554EB8B79DFFE43 /* Pods_Dyne.framework in Frameworks */,
			);
			runOnlyForDeploymentPostprocessing = 0;
		};
/* End PBXFrameworksBuildPhase section */

/* Begin PBXGroup section */
		37DDDC7DF09988A91D554B11 /* Frameworks */ = {
			isa = PBXGroup;
			children = (
				3D744E4E1F3B8B522121DDFE /* Pods_Dyne.framework */,
			);
			name = Frameworks;
			sourceTree = "<group>";
		};
		98472B6FB95B68C4FFADEAD5 /* Pods */ = {
			isa = PBXGroup;
			children = (
				77227EC6FB9937D0B3C681AA /* Pods-Dyne.debug.xcconfig */,
				7731EA3C548CFF609C374CE8 /* Pods-Dyne.release.xcconfig */,
			);
			name = Pods;
			sourceTree = "<group>";
		};
		D15940BC2364C8590004067F /* ViewController */ = {
			isa = PBXGroup;
			children = (
				D17EA54C23642681000F0562 /* ViewController.swift */,
				D17EA5622364B794000F0562 /* RestaurantViewController.swift */,
				D113DD0F2364D01A0043918F /* OrderViewController.swift */,
			);
			path = ViewController;
			sourceTree = "<group>";
		};
		D15940BD2364C8780004067F /* View */ = {
			isa = PBXGroup;
			children = (
				D17EA56023643430000F0562 /* RestaurantCell.swift */,
				D17EA5642364BCBB000F0562 /* FoodItemCell.swift */,
				D113DD112364E7010043918F /* FoodCartCell.swift */,
				D1D473D023655CD10093763D /* ExperienceCell.swift */,
			);
			path = View;
			sourceTree = "<group>";
		};
		D15940BE2364C8A40004067F /* Model */ = {
			isa = PBXGroup;
			children = (
				D17EA55C2364329F000F0562 /* Restaurant.swift */,
				D17EA55E23643383000F0562 /* FoodItem.swift */,
				D1D473CE2364F2BB0093763D /* File.swift */,
				D1D473D223655F770093763D /* Experience.swift */,
			);
			path = Model;
			sourceTree = "<group>";
		};
		D17EA53C23642681000F0562 = {
			isa = PBXGroup;
			children = (
				D17EA54723642681000F0562 /* Dyne */,
				D17EA54623642681000F0562 /* Products */,
				98472B6FB95B68C4FFADEAD5 /* Pods */,
				37DDDC7DF09988A91D554B11 /* Frameworks */,
			);
			sourceTree = "<group>";
		};
		D17EA54623642681000F0562 /* Products */ = {
			isa = PBXGroup;
			children = (
				D17EA54523642681000F0562 /* Dyne.app */,
			);
			name = Products;
			sourceTree = "<group>";
		};
		D17EA54723642681000F0562 /* Dyne */ = {
			isa = PBXGroup;
			children = (
				D15940BE2364C8A40004067F /* Model */,
				D15940BD2364C8780004067F /* View */,
				D15940BC2364C8590004067F /* ViewController */,
				D17EA54823642681000F0562 /* AppDelegate.swift */,
				D17EA54A23642681000F0562 /* SceneDelegate.swift */,
				D17EA54E23642681000F0562 /* Main.storyboard */,
				D17EA55123642684000F0562 /* Assets.xcassets */,
				D17EA55323642684000F0562 /* LaunchScreen.storyboard */,
				D17EA55623642684000F0562 /* Info.plist */,
			);
			path = Dyne;
			sourceTree = "<group>";
		};
/* End PBXGroup section */

/* Begin PBXNativeTarget section */
		D17EA54423642681000F0562 /* Dyne */ = {
			isa = PBXNativeTarget;
			buildConfigurationList = D17EA55923642684000F0562 /* Build configuration list for PBXNativeTarget "Dyne" */;
			buildPhases = (
				E72932F8C9383F0524014F97 /* [CP] Check Pods Manifest.lock */,
				D17EA54123642681000F0562 /* Sources */,
				D17EA54223642681000F0562 /* Frameworks */,
				D17EA54323642681000F0562 /* Resources */,
				B5D9BFA032067AE9F479F792 /* [CP] Embed Pods Frameworks */,
			);
			buildRules = (
			);
			dependencies = (
			);
			name = Dyne;
			productName = Dyne;
			productReference = D17EA54523642681000F0562 /* Dyne.app */;
			productType = "com.apple.product-type.application";
		};
/* End PBXNativeTarget section */

/* Begin PBXProject section */
		D17EA53D23642681000F0562 /* Project object */ = {
			isa = PBXProject;
			attributes = {
				LastSwiftUpdateCheck = 1100;
				LastUpgradeCheck = 1100;
				ORGANIZATIONNAME = "Malek Amiri";
				TargetAttributes = {
					D17EA54423642681000F0562 = {
						CreatedOnToolsVersion = 11.0;
					};
				};
			};
			buildConfigurationList = D17EA54023642681000F0562 /* Build configuration list for PBXProject "Dyne" */;
			compatibilityVersion = "Xcode 9.3";
			developmentRegion = en;
			hasScannedForEncodings = 0;
			knownRegions = (
				en,
				Base,
			);
			mainGroup = D17EA53C23642681000F0562;
			productRefGroup = D17EA54623642681000F0562 /* Products */;
			projectDirPath = "";
			projectRoot = "";
			targets = (
				D17EA54423642681000F0562 /* Dyne */,
			);
		};
/* End PBXProject section */

/* Begin PBXResourcesBuildPhase section */
		D17EA54323642681000F0562 /* Resources */ = {
			isa = PBXResourcesBuildPhase;
			buildActionMask = 2147483647;
			files = (
				D17EA55523642684000F0562 /* LaunchScreen.storyboard in Resources */,
				D17EA55223642684000F0562 /* Assets.xcassets in Resources */,
				D17EA55023642681000F0562 /* Main.storyboard in Resources */,
			);
			runOnlyForDeploymentPostprocessing = 0;
		};
/* End PBXResourcesBuildPhase section */

/* Begin PBXShellScriptBuildPhase section */
		B5D9BFA032067AE9F479F792 /* [CP] Embed Pods Frameworks */ = {
			isa = PBXShellScriptBuildPhase;
			buildActionMask = 2147483647;
			files = (
			);
			inputPaths = (
				"${SRCROOT}/Pods/Target Support Files/Pods-Dyne/Pods-Dyne-frameworks.sh",
				"${BUILT_PRODUCTS_DIR}/SwiftyJSON/SwiftyJSON.framework",
			);
			name = "[CP] Embed Pods Frameworks";
			outputPaths = (
				"${TARGET_BUILD_DIR}/${FRAMEWORKS_FOLDER_PATH}/SwiftyJSON.framework",
			);
			runOnlyForDeploymentPostprocessing = 0;
			shellPath = /bin/sh;
			shellScript = "\"${SRCROOT}/Pods/Target Support Files/Pods-Dyne/Pods-Dyne-frameworks.sh\"\n";
			showEnvVarsInLog = 0;
		};
		E72932F8C9383F0524014F97 /* [CP] Check Pods Manifest.lock */ = {
			isa = PBXShellScriptBuildPhase;
			buildActionMask = 2147483647;
			files = (
			);
			inputPaths = (
				"${PODS_PODFILE_DIR_PATH}/Podfile.lock",
				"${PODS_ROOT}/Manifest.lock",
			);
			name = "[CP] Check Pods Manifest.lock";
			outputPaths = (
				"$(DERIVED_FILE_DIR)/Pods-Dyne-checkManifestLockResult.txt",
			);
			runOnlyForDeploymentPostprocessing = 0;
			shellPath = /bin/sh;
			shellScript = "diff \"${PODS_PODFILE_DIR_PATH}/Podfile.lock\" \"${PODS_ROOT}/Manifest.lock\" > /dev/null\nif [ $? != 0 ] ; then\n    # print error to STDERR\n    echo \"error: The sandbox is not in sync with the Podfile.lock. Run 'pod install' or update your CocoaPods installation.\" >&2\n    exit 1\nfi\n# This output is used by Xcode 'outputs' to avoid re-running this script phase.\necho \"SUCCESS\" > \"${SCRIPT_OUTPUT_FILE_0}\"\n";
			showEnvVarsInLog = 0;
		};
/* End PBXShellScriptBuildPhase section */

/* Begin PBXSourcesBuildPhase section */
		D17EA54123642681000F0562 /* Sources */ = {
			isa = PBXSourcesBuildPhase;
			buildActionMask = 2147483647;
			files = (
				D17EA56123643430000F0562 /* RestaurantCell.swift in Sources */,
				D17EA55D2364329F000F0562 /* Restaurant.swift in Sources */,
				D17EA5632364B794000F0562 /* RestaurantViewController.swift in Sources */,
				D17EA54D23642681000F0562 /* ViewController.swift in Sources */,
				D17EA5652364BCBB000F0562 /* FoodItemCell.swift in Sources */,
				D17EA54923642681000F0562 /* AppDelegate.swift in Sources */,
				D17EA54B23642681000F0562 /* SceneDelegate.swift in Sources */,
				D113DD122364E7010043918F /* FoodCartCell.swift in Sources */,
				D17EA55F23643383000F0562 /* FoodItem.swift in Sources */,
				D1D473CF2364F2BB0093763D /* File.swift in Sources */,
				D1D473D323655F770093763D /* Experience.swift in Sources */,
				D113DD102364D01A0043918F /* OrderViewController.swift in Sources */,
				D1D473D123655CD10093763D /* ExperienceCell.swift in Sources */,
			);
			runOnlyForDeploymentPostprocessing = 0;
		};
/* End PBXSourcesBuildPhase section */

/* Begin PBXVariantGroup section */
		D17EA54E23642681000F0562 /* Main.storyboard */ = {
			isa = PBXVariantGroup;
			children = (
				D17EA54F23642681000F0562 /* Base */,
			);
			name = Main.storyboard;
			sourceTree = "<group>";
		};
		D17EA55323642684000F0562 /* LaunchScreen.storyboard */ = {
			isa = PBXVariantGroup;
			children = (
				D17EA55423642684000F0562 /* Base */,
			);
			name = LaunchScreen.storyboard;
			sourceTree = "<group>";
		};
/* End PBXVariantGroup section */

/* Begin XCBuildConfiguration section */
		D17EA55723642684000F0562 /* Debug */ = {
			isa = XCBuildConfiguration;
			buildSettings = {
				ALWAYS_SEARCH_USER_PATHS = NO;
				CLANG_ANALYZER_NONNULL = YES;
				CLANG_ANALYZER_NUMBER_OBJECT_CONVERSION = YES_AGGRESSIVE;
				CLANG_CXX_LANGUAGE_STANDARD = "gnu++14";
				CLANG_CXX_LIBRARY = "libc++";
				CLANG_ENABLE_MODULES = YES;
				CLANG_ENABLE_OBJC_ARC = YES;
				CLANG_ENABLE_OBJC_WEAK = YES;
				CLANG_WARN_BLOCK_CAPTURE_AUTORELEASING = YES;
				CLANG_WARN_BOOL_CONVERSION = YES;
				CLANG_WARN_COMMA = YES;
				CLANG_WARN_CONSTANT_CONVERSION = YES;
				CLANG_WARN_DEPRECATED_OBJC_IMPLEMENTATIONS = YES;
				CLANG_WARN_DIRECT_OBJC_ISA_USAGE = YES_ERROR;
				CLANG_WARN_DOCUMENTATION_COMMENTS = YES;
				CLANG_WARN_EMPTY_BODY = YES;
				CLANG_WARN_ENUM_CONVERSION = YES;
				CLANG_WARN_INFINITE_RECURSION = YES;
				CLANG_WARN_INT_CONVERSION = YES;
				CLANG_WARN_NON_LITERAL_NULL_CONVERSION = YES;
				CLANG_WARN_OBJC_IMPLICIT_RETAIN_SELF = YES;
				CLANG_WARN_OBJC_LITERAL_CONVERSION = YES;
				CLANG_WARN_OBJC_ROOT_CLASS = YES_ERROR;
				CLANG_WARN_RANGE_LOOP_ANALYSIS = YES;
				CLANG_WARN_STRICT_PROTOTYPES = YES;
				CLANG_WARN_SUSPICIOUS_MOVE = YES;
				CLANG_WARN_UNGUARDED_AVAILABILITY = YES_AGGRESSIVE;
				CLANG_WARN_UNREACHABLE_CODE = YES;
				CLANG_WARN__DUPLICATE_METHOD_MATCH = YES;
				COPY_PHASE_STRIP = NO;
				DEBUG_INFORMATION_FORMAT = dwarf;
				ENABLE_STRICT_OBJC_MSGSEND = YES;
				ENABLE_TESTABILITY = YES;
				GCC_C_LANGUAGE_STANDARD = gnu11;
				GCC_DYNAMIC_NO_PIC = NO;
				GCC_NO_COMMON_BLOCKS = YES;
				GCC_OPTIMIZATION_LEVEL = 0;
				GCC_PREPROCESSOR_DEFINITIONS = (
					"DEBUG=1",
					"$(inherited)",
				);
				GCC_WARN_64_TO_32_BIT_CONVERSION = YES;
				GCC_WARN_ABOUT_RETURN_TYPE = YES_ERROR;
				GCC_WARN_UNDECLARED_SELECTOR = YES;
				GCC_WARN_UNINITIALIZED_AUTOS = YES_AGGRESSIVE;
				GCC_WARN_UNUSED_FUNCTION = YES;
				GCC_WARN_UNUSED_VARIABLE = YES;
				IPHONEOS_DEPLOYMENT_TARGET = 13.0;
				MTL_ENABLE_DEBUG_INFO = INCLUDE_SOURCE;
				MTL_FAST_MATH = YES;
				ONLY_ACTIVE_ARCH = YES;
				SDKROOT = iphoneos;
				SWIFT_ACTIVE_COMPILATION_CONDITIONS = DEBUG;
				SWIFT_OPTIMIZATION_LEVEL = "-Onone";
			};
			name = Debug;
		};
		D17EA55823642684000F0562 /* Release */ = {
			isa = XCBuildConfiguration;
			buildSettings = {
				ALWAYS_SEARCH_USER_PATHS = NO;
				CLANG_ANALYZER_NONNULL = YES;
				CLANG_ANALYZER_NUMBER_OBJECT_CONVERSION = YES_AGGRESSIVE;
				CLANG_CXX_LANGUAGE_STANDARD = "gnu++14";
				CLANG_CXX_LIBRARY = "libc++";
				CLANG_ENABLE_MODULES = YES;
				CLANG_ENABLE_OBJC_ARC = YES;
				CLANG_ENABLE_OBJC_WEAK = YES;
				CLANG_WARN_BLOCK_CAPTURE_AUTORELEASING = YES;
				CLANG_WARN_BOOL_CONVERSION = YES;
				CLANG_WARN_COMMA = YES;
				CLANG_WARN_CONSTANT_CONVERSION = YES;
				CLANG_WARN_DEPRECATED_OBJC_IMPLEMENTATIONS = YES;
				CLANG_WARN_DIRECT_OBJC_ISA_USAGE = YES_ERROR;
				CLANG_WARN_DOCUMENTATION_COMMENTS = YES;
				CLANG_WARN_EMPTY_BODY = YES;
				CLANG_WARN_ENUM_CONVERSION = YES;
				CLANG_WARN_INFINITE_RECURSION = YES;
				CLANG_WARN_INT_CONVERSION = YES;
				CLANG_WARN_NON_LITERAL_NULL_CONVERSION = YES;
				CLANG_WARN_OBJC_IMPLICIT_RETAIN_SELF = YES;
				CLANG_WARN_OBJC_LITERAL_CONVERSION = YES;
				CLANG_WARN_OBJC_ROOT_CLASS = YES_ERROR;
				CLANG_WARN_RANGE_LOOP_ANALYSIS = YES;
				CLANG_WARN_STRICT_PROTOTYPES = YES;
				CLANG_WARN_SUSPICIOUS_MOVE = YES;
				CLANG_WARN_UNGUARDED_AVAILABILITY = YES_AGGRESSIVE;
				CLANG_WARN_UNREACHABLE_CODE = YES;
				CLANG_WARN__DUPLICATE_METHOD_MATCH = YES;
				COPY_PHASE_STRIP = NO;
				DEBUG_INFORMATION_FORMAT = "dwarf-with-dsym";
				ENABLE_NS_ASSERTIONS = NO;
				ENABLE_STRICT_OBJC_MSGSEND = YES;
				GCC_C_LANGUAGE_STANDARD = gnu11;
				GCC_NO_COMMON_BLOCKS = YES;
				GCC_WARN_64_TO_32_BIT_CONVERSION = YES;
				GCC_WARN_ABOUT_RETURN_TYPE = YES_ERROR;
				GCC_WARN_UNDECLARED_SELECTOR = YES;
				GCC_WARN_UNINITIALIZED_AUTOS = YES_AGGRESSIVE;
				GCC_WARN_UNUSED_FUNCTION = YES;
				GCC_WARN_UNUSED_VARIABLE = YES;
				IPHONEOS_DEPLOYMENT_TARGET = 13.0;
				MTL_ENABLE_DEBUG_INFO = NO;
				MTL_FAST_MATH = YES;
				SDKROOT = iphoneos;
				SWIFT_COMPILATION_MODE = wholemodule;
				SWIFT_OPTIMIZATION_LEVEL = "-O";
				VALIDATE_PRODUCT = YES;
			};
			name = Release;
		};
		D17EA55A23642684000F0562 /* Debug */ = {
			isa = XCBuildConfiguration;
			baseConfigurationReference = 77227EC6FB9937D0B3C681AA /* Pods-Dyne.debug.xcconfig */;
			buildSettings = {
				ASSETCATALOG_COMPILER_APPICON_NAME = AppIcon;
				CODE_SIGN_STYLE = Automatic;
				DEVELOPMENT_TEAM = V7NWKN2Z8M;
				INFOPLIST_FILE = Dyne/Info.plist;
				LD_RUNPATH_SEARCH_PATHS = (
					"$(inherited)",
					"@executable_path/Frameworks",
				);
				PRODUCT_BUNDLE_IDENTIFIER = com.MalekAmiri.Dyne;
				PRODUCT_NAME = "$(TARGET_NAME)";
				SWIFT_VERSION = 5.0;
				TARGETED_DEVICE_FAMILY = "1,2";
			};
			name = Debug;
		};
		D17EA55B23642684000F0562 /* Release */ = {
			isa = XCBuildConfiguration;
			baseConfigurationReference = 7731EA3C548CFF609C374CE8 /* Pods-Dyne.release.xcconfig */;
			buildSettings = {
				ASSETCATALOG_COMPILER_APPICON_NAME = AppIcon;
				CODE_SIGN_STYLE = Automatic;
				DEVELOPMENT_TEAM = V7NWKN2Z8M;
				INFOPLIST_FILE = Dyne/Info.plist;
				LD_RUNPATH_SEARCH_PATHS = (
					"$(inherited)",
					"@executable_path/Frameworks",
				);
				PRODUCT_BUNDLE_IDENTIFIER = com.MalekAmiri.Dyne;
				PRODUCT_NAME = "$(TARGET_NAME)";
				SWIFT_VERSION = 5.0;
				TARGETED_DEVICE_FAMILY = "1,2";
			};
			name = Release;
		};
/* End XCBuildConfiguration section */

/* Begin XCConfigurationList section */
		D17EA54023642681000F0562 /* Build configuration list for PBXProject "Dyne" */ = {
			isa = XCConfigurationList;
			buildConfigurations = (
				D17EA55723642684000F0562 /* Debug */,
				D17EA55823642684000F0562 /* Release */,
			);
			defaultConfigurationIsVisible = 0;
			defaultConfigurationName = Release;
		};
		D17EA55923642684000F0562 /* Build configuration list for PBXNativeTarget "Dyne" */ = {
			isa = XCConfigurationList;
			buildConfigurations = (
				D17EA55A23642684000F0562 /* Debug */,
				D17EA55B23642684000F0562 /* Release */,
			);
			defaultConfigurationIsVisible = 0;
			defaultConfigurationName = Release;
		};
/* End XCConfigurationList section */
	};
	rootObject = D17EA53D23642681000F0562 /* Project object */;
}
